
Microsoft Visual Studio Solution File, Format Version 12.00
# Visual Studio Version 17
VisualStudioVersion = 17.3.32825.248
MinimumVisualStudioVersion = 10.0.40219.1
Project("{FAE04EC0-301F-11D3-BF4B-00C04F79EFBC}") = "aula2_PooII", "aula2_PooII\aula2_PooII.csproj", "{4CA11059-12C8-4369-8704-76214545473F}"
EndProject
Global
	GlobalSection(SolutionConfigurationPlatforms) = preSolution
		Debug|Any CPU = Debug|Any CPU
		Release|Any CPU = Release|Any CPU
	EndGlobalSection
	GlobalSection(ProjectConfigurationPlatforms) = postSolution
		{4CA11059-12C8-4369-8704-76214545473F}.Debug|Any CPU.ActiveCfg = Debug|Any CPU
		{4CA11059-12C8-4369-8704-76214545473F}.Debug|Any CPU.Build.0 = Debug|Any CPU
		{4CA11059-12C8-4369-8704-76214545473F}.Release|Any CPU.ActiveCfg = Release|Any CPU
		{4CA11059-12C8-4369-8704-76214545473F}.Release|Any CPU.Build.0 = Release|Any CPU
	EndGlobalSection
	GlobalSection(SolutionProperties) = preSolution
		HideSolutionNode = FALSE
	EndGlobalSection
	GlobalSection(ExtensibilityGlobals) = postSolution
		SolutionGuid = {B217B099-C834-40B8-BF09-58B18B682667}
	EndGlobalSection
EndGlobal
